// !$*UTF8*$!
{
	archiveVersion = 1;
	classes = {
	};
	objectVersion = 50;
	objects = {

/* Begin PBXBuildFile section */
		AC04652122401104003BD775 /* GroupViewController.swift in Sources */ = {isa = PBXBuildFile; fileRef = AC04652022401104003BD775 /* GroupViewController.swift */; };
		AC04652322401A00003BD775 /* groupContactsTableViewController.swift in Sources */ = {isa = PBXBuildFile; fileRef = AC04652222401A00003BD775 /* groupContactsTableViewController.swift */; };
		AC04652522401AD0003BD775 /* groupContactCell.swift in Sources */ = {isa = PBXBuildFile; fileRef = AC04652422401AD0003BD775 /* groupContactCell.swift */; };
		AC046527224034DA003BD775 /* showGroupsTableViewController.swift in Sources */ = {isa = PBXBuildFile; fileRef = AC046526224034DA003BD775 /* showGroupsTableViewController.swift */; };
		AC04652B2240E79C003BD775 /* groupDataModel.swift in Sources */ = {isa = PBXBuildFile; fileRef = AC04652A2240E79C003BD775 /* groupDataModel.swift */; };
		AC04652F2240EDC6003BD775 /* groupTableViewCell.swift in Sources */ = {isa = PBXBuildFile; fileRef = AC04652E2240EDC6003BD775 /* groupTableViewCell.swift */; };
		AC17D5F62212846C00DF9D3A /* MsgViewController.swift in Sources */ = {isa = PBXBuildFile; fileRef = AC17D5F52212846C00DF9D3A /* MsgViewController.swift */; };
		AC29CB2A2241143800794C4E /* editGroupTableViewController.swift in Sources */ = {isa = PBXBuildFile; fileRef = AC29CB292241143800794C4E /* editGroupTableViewController.swift */; };
		AC29CB32224118FB00794C4E /* editGroupTableViewCell.swift in Sources */ = {isa = PBXBuildFile; fileRef = AC29CB31224118FB00794C4E /* editGroupTableViewCell.swift */; };
		AC29CB362241329A00794C4E /* checkViewController.swift in Sources */ = {isa = PBXBuildFile; fileRef = AC29CB352241329A00794C4E /* checkViewController.swift */; };
		AC5B4E9921FF93EA0079EE2D /* contactsTableViewController.swift in Sources */ = {isa = PBXBuildFile; fileRef = AC5B4E9821FF93EA0079EE2D /* contactsTableViewController.swift */; };
		AC5B4EA521FF96BE0079EE2D /* ContactCell.swift in Sources */ = {isa = PBXBuildFile; fileRef = AC5B4EA421FF96BE0079EE2D /* ContactCell.swift */; };
		AC5B4EA721FF96D10079EE2D /* ExpandableName.swift in Sources */ = {isa = PBXBuildFile; fileRef = AC5B4EA621FF96D10079EE2D /* ExpandableName.swift */; };
		AC7B37C1221AC40600B137DD /* Number_model.xcdatamodeld in Sources */ = {isa = PBXBuildFile; fileRef = AC7B37BF221AC40600B137DD /* Number_model.xcdatamodeld */; };
		AC9E254B220F12F9005CA487 /* CallDirectoryHandler.swift in Sources */ = {isa = PBXBuildFile; fileRef = AC9E254A220F12F9005CA487 /* CallDirectoryHandler.swift */; };
		AC9E254F220F12F9005CA487 /* Call_Blocking.appex in Embed App Extensions */ = {isa = PBXBuildFile; fileRef = AC9E2548220F12F9005CA487 /* Call_Blocking.appex */; settings = {ATTRIBUTES = (RemoveHeadersOnCopy, ); }; };
		ACD65AAD21FED2CA00CE19FE /* AppDelegate.swift in Sources */ = {isa = PBXBuildFile; fileRef = ACD65AAC21FED2CA00CE19FE /* AppDelegate.swift */; };
		ACD65AAF21FED2CA00CE19FE /* BlockedNumberDisplay.swift in Sources */ = {isa = PBXBuildFile; fileRef = ACD65AAE21FED2CA00CE19FE /* BlockedNumberDisplay.swift */; };
		ACD65AB421FED2CA00CE19FE /* Main.storyboard in Resources */ = {isa = PBXBuildFile; fileRef = ACD65AB221FED2CA00CE19FE /* Main.storyboard */; };
		ACD65AB621FED2CD00CE19FE /* Assets.xcassets in Resources */ = {isa = PBXBuildFile; fileRef = ACD65AB521FED2CD00CE19FE /* Assets.xcassets */; };
		ACD65AB921FED2CD00CE19FE /* LaunchScreen.storyboard in Resources */ = {isa = PBXBuildFile; fileRef = ACD65AB721FED2CD00CE19FE /* LaunchScreen.storyboard */; };
		ACD65AC421FED2CD00CE19FE /* temp2Tests.swift in Sources */ = {isa = PBXBuildFile; fileRef = ACD65AC321FED2CD00CE19FE /* temp2Tests.swift */; };
		ACD65ACF21FEF01900CE19FE /* DialViewController.swift in Sources */ = {isa = PBXBuildFile; fileRef = ACD65ACE21FEF01900CE19FE /* DialViewController.swift */; };
		ACE9310A221BDE5F00229A27 /* SQLite.framework in Frameworks */ = {isa = PBXBuildFile; fileRef = ACE930FD221BDE4F00229A27 /* SQLite.framework */; };
		ACE9310B221BDE8500229A27 /* SQLite.framework in Frameworks */ = {isa = PBXBuildFile; fileRef = ACE930FD221BDE4F00229A27 /* SQLite.framework */; };
		ACE9310C221BDE8500229A27 /* SQLite.framework in Embed Frameworks */ = {isa = PBXBuildFile; fileRef = ACE930FD221BDE4F00229A27 /* SQLite.framework */; settings = {ATTRIBUTES = (CodeSignOnCopy, RemoveHeadersOnCopy, ); }; };
		ACE93110221C04B100229A27 /* SQLite.framework in Frameworks */ = {isa = PBXBuildFile; fileRef = ACE930FD221BDE4F00229A27 /* SQLite.framework */; };
		ACE93127221C70BB00229A27 /* DataModel.swift in Sources */ = {isa = PBXBuildFile; fileRef = ACE93126221C70BB00229A27 /* DataModel.swift */; };
		ACE93129221C711800229A27 /* TableViewCell.swift in Sources */ = {isa = PBXBuildFile; fileRef = ACE93128221C711800229A27 /* TableViewCell.swift */; };
		ACE9312B221C71E600229A27 /* fetchViewController.swift in Sources */ = {isa = PBXBuildFile; fileRef = ACE9312A221C71E600229A27 /* fetchViewController.swift */; };
/* End PBXBuildFile section */

/* Begin PBXContainerItemProxy section */
		AC9E254D220F12F9005CA487 /* PBXContainerItemProxy */ = {
			isa = PBXContainerItemProxy;
			containerPortal = ACD65AA121FED2CA00CE19FE /* Project object */;
			proxyType = 1;
			remoteGlobalIDString = AC9E2547220F12F9005CA487;
			remoteInfo = Call_Blocking;
		};
		ACD65AC021FED2CD00CE19FE /* PBXContainerItemProxy */ = {
			isa = PBXContainerItemProxy;
			containerPortal = ACD65AA121FED2CA00CE19FE /* Project object */;
			proxyType = 1;
			remoteGlobalIDString = ACD65AA821FED2CA00CE19FE;
			remoteInfo = temp2;
		};
		ACE930FC221BDE4F00229A27 /* PBXContainerItemProxy */ = {
			isa = PBXContainerItemProxy;
			containerPortal = ACE930F2221BDE4E00229A27 /* SQLite.xcodeproj */;
			proxyType = 2;
			remoteGlobalIDString = EE247AD31C3F04ED00AE3E12;
			remoteInfo = "SQLite iOS";
		};
		ACE930FE221BDE4F00229A27 /* PBXContainerItemProxy */ = {
			isa = PBXContainerItemProxy;
			containerPortal = ACE930F2221BDE4E00229A27 /* SQLite.xcodeproj */;
			proxyType = 2;
			remoteGlobalIDString = EE247ADD1C3F04ED00AE3E12;
			remoteInfo = "SQLiteTests iOS";
		};
		ACE93100221BDE4F00229A27 /* PBXContainerItemProxy */ = {
			isa = PBXContainerItemProxy;
			containerPortal = ACE930F2221BDE4E00229A27 /* SQLite.xcodeproj */;
			proxyType = 2;
			remoteGlobalIDString = EE247B3C1C3F3ED000AE3E12;
			remoteInfo = "SQLite Mac";
		};
		ACE93102221BDE4F00229A27 /* PBXContainerItemProxy */ = {
			isa = PBXContainerItemProxy;
			containerPortal = ACE930F2221BDE4E00229A27 /* SQLite.xcodeproj */;
			proxyType = 2;
			remoteGlobalIDString = EE247B451C3F3ED000AE3E12;
			remoteInfo = "SQLiteTests Mac";
		};
		ACE93104221BDE4F00229A27 /* PBXContainerItemProxy */ = {
			isa = PBXContainerItemProxy;
			containerPortal = ACE930F2221BDE4E00229A27 /* SQLite.xcodeproj */;
			proxyType = 2;
			remoteGlobalIDString = 03A65E5A1C6BB0F50062603F;
			remoteInfo = "SQLite tvOS";
		};
		ACE93106221BDE4F00229A27 /* PBXContainerItemProxy */ = {
			isa = PBXContainerItemProxy;
			containerPortal = ACE930F2221BDE4E00229A27 /* SQLite.xcodeproj */;
			proxyType = 2;
			remoteGlobalIDString = 03A65E631C6BB0F60062603F;
			remoteInfo = "SQLiteTests tvOS";
		};
		ACE93108221BDE4F00229A27 /* PBXContainerItemProxy */ = {
			isa = PBXContainerItemProxy;
			containerPortal = ACE930F2221BDE4E00229A27 /* SQLite.xcodeproj */;
			proxyType = 2;
			remoteGlobalIDString = A121AC451CA35C79005A31D1;
			remoteInfo = "SQLite watchOS";
		};
		ACE9310D221BDE8500229A27 /* PBXContainerItemProxy */ = {
			isa = PBXContainerItemProxy;
			containerPortal = ACE930F2221BDE4E00229A27 /* SQLite.xcodeproj */;
			proxyType = 1;
			remoteGlobalIDString = EE247AD21C3F04ED00AE3E12;
			remoteInfo = "SQLite iOS";
		};
/* End PBXContainerItemProxy section */

/* Begin PBXCopyFilesBuildPhase section */
		AC9E2553220F12F9005CA487 /* Embed App Extensions */ = {
			isa = PBXCopyFilesBuildPhase;
			buildActionMask = 2147483647;
			dstPath = "";
			dstSubfolderSpec = 13;
			files = (
				AC9E254F220F12F9005CA487 /* Call_Blocking.appex in Embed App Extensions */,
			);
			name = "Embed App Extensions";
			runOnlyForDeploymentPostprocessing = 0;
		};
		ACE9310F221BDE8600229A27 /* Embed Frameworks */ = {
			isa = PBXCopyFilesBuildPhase;
			buildActionMask = 2147483647;
			dstPath = "";
			dstSubfolderSpec = 10;
			files = (
				ACE9310C221BDE8500229A27 /* SQLite.framework in Embed Frameworks */,
			);
			name = "Embed Frameworks";
			runOnlyForDeploymentPostprocessing = 0;
		};
/* End PBXCopyFilesBuildPhase section */

/* Begin PBXFileReference section */
		AC04652022401104003BD775 /* GroupViewController.swift */ = {isa = PBXFileReference; lastKnownFileType = sourcecode.swift; path = GroupViewController.swift; sourceTree = "<group>"; };
		AC04652222401A00003BD775 /* groupContactsTableViewController.swift */ = {isa = PBXFileReference; lastKnownFileType = sourcecode.swift; path = groupContactsTableViewController.swift; sourceTree = "<group>"; };
		AC04652422401AD0003BD775 /* groupContactCell.swift */ = {isa = PBXFileReference; lastKnownFileType = sourcecode.swift; path = groupContactCell.swift; sourceTree = "<group>"; };
		AC046526224034DA003BD775 /* showGroupsTableViewController.swift */ = {isa = PBXFileReference; lastKnownFileType = sourcecode.swift; path = showGroupsTableViewController.swift; sourceTree = "<group>"; };
		AC04652A2240E79C003BD775 /* groupDataModel.swift */ = {isa = PBXFileReference; lastKnownFileType = sourcecode.swift; path = groupDataModel.swift; sourceTree = "<group>"; };
		AC04652E2240EDC6003BD775 /* groupTableViewCell.swift */ = {isa = PBXFileReference; lastKnownFileType = sourcecode.swift; path = groupTableViewCell.swift; sourceTree = "<group>"; };
		AC17D5F52212846C00DF9D3A /* MsgViewController.swift */ = {isa = PBXFileReference; lastKnownFileType = sourcecode.swift; path = MsgViewController.swift; sourceTree = "<group>"; };
		AC17D5F72213F6EC00DF9D3A /* temp2.entitlements */ = {isa = PBXFileReference; lastKnownFileType = text.plist.entitlements; path = temp2.entitlements; sourceTree = "<group>"; };
		AC29CB292241143800794C4E /* editGroupTableViewController.swift */ = {isa = PBXFileReference; lastKnownFileType = sourcecode.swift; path = editGroupTableViewController.swift; sourceTree = "<group>"; };
		AC29CB31224118FB00794C4E /* editGroupTableViewCell.swift */ = {isa = PBXFileReference; lastKnownFileType = sourcecode.swift; path = editGroupTableViewCell.swift; sourceTree = "<group>"; };
		AC29CB352241329A00794C4E /* checkViewController.swift */ = {isa = PBXFileReference; lastKnownFileType = sourcecode.swift; path = checkViewController.swift; sourceTree = "<group>"; };
		AC5B4E9821FF93EA0079EE2D /* contactsTableViewController.swift */ = {isa = PBXFileReference; lastKnownFileType = sourcecode.swift; path = contactsTableViewController.swift; sourceTree = "<group>"; };
		AC5B4EA421FF96BE0079EE2D /* ContactCell.swift */ = {isa = PBXFileReference; lastKnownFileType = sourcecode.swift; path = ContactCell.swift; sourceTree = "<group>"; };
		AC5B4EA621FF96D10079EE2D /* ExpandableName.swift */ = {isa = PBXFileReference; lastKnownFileType = sourcecode.swift; path = ExpandableName.swift; sourceTree = "<group>"; };
		AC7B37C0221AC40600B137DD /* Number_model.xcdatamodel */ = {isa = PBXFileReference; lastKnownFileType = wrapper.xcdatamodel; path = Number_model.xcdatamodel; sourceTree = "<group>"; };
		AC7B37C9221B198E00B137DD /* Call_Blocking.entitlements */ = {isa = PBXFileReference; lastKnownFileType = text.plist.entitlements; path = Call_Blocking.entitlements; sourceTree = "<group>"; };
		AC9E2548220F12F9005CA487 /* Call_Blocking.appex */ = {isa = PBXFileReference; explicitFileType = "wrapper.app-extension"; includeInIndex = 0; path = Call_Blocking.appex; sourceTree = BUILT_PRODUCTS_DIR; };
		AC9E254A220F12F9005CA487 /* CallDirectoryHandler.swift */ = {isa = PBXFileReference; lastKnownFileType = sourcecode.swift; path = CallDirectoryHandler.swift; sourceTree = "<group>"; };
		AC9E254C220F12F9005CA487 /* Info.plist */ = {isa = PBXFileReference; lastKnownFileType = text.plist.xml; path = Info.plist; sourceTree = "<group>"; };
		ACD65AA921FED2CA00CE19FE /* temp2.app */ = {isa = PBXFileReference; explicitFileType = wrapper.application; includeInIndex = 0; path = temp2.app; sourceTree = BUILT_PRODUCTS_DIR; };
		ACD65AAC21FED2CA00CE19FE /* AppDelegate.swift */ = {isa = PBXFileReference; lastKnownFileType = sourcecode.swift; path = AppDelegate.swift; sourceTree = "<group>"; };
		ACD65AAE21FED2CA00CE19FE /* BlockedNumberDisplay.swift */ = {isa = PBXFileReference; lastKnownFileType = sourcecode.swift; path = BlockedNumberDisplay.swift; sourceTree = "<group>"; };
		ACD65AB321FED2CA00CE19FE /* Base */ = {isa = PBXFileReference; lastKnownFileType = file.storyboard; name = Base; path = Base.lproj/Main.storyboard; sourceTree = "<group>"; };
		ACD65AB521FED2CD00CE19FE /* Assets.xcassets */ = {isa = PBXFileReference; lastKnownFileType = folder.assetcatalog; path = Assets.xcassets; sourceTree = "<group>"; };
		ACD65AB821FED2CD00CE19FE /* Base */ = {isa = PBXFileReference; lastKnownFileType = file.storyboard; name = Base; path = Base.lproj/LaunchScreen.storyboard; sourceTree = "<group>"; };
		ACD65ABA21FED2CD00CE19FE /* Info.plist */ = {isa = PBXFileReference; lastKnownFileType = text.plist.xml; path = Info.plist; sourceTree = "<group>"; };
		ACD65ABF21FED2CD00CE19FE /* temp2Tests.xctest */ = {isa = PBXFileReference; explicitFileType = wrapper.cfbundle; includeInIndex = 0; path = temp2Tests.xctest; sourceTree = BUILT_PRODUCTS_DIR; };
		ACD65AC321FED2CD00CE19FE /* temp2Tests.swift */ = {isa = PBXFileReference; lastKnownFileType = sourcecode.swift; path = temp2Tests.swift; sourceTree = "<group>"; };
		ACD65AC521FED2CD00CE19FE /* Info.plist */ = {isa = PBXFileReference; lastKnownFileType = text.plist.xml; path = Info.plist; sourceTree = "<group>"; };
		ACD65ACE21FEF01900CE19FE /* DialViewController.swift */ = {isa = PBXFileReference; lastKnownFileType = sourcecode.swift; path = DialViewController.swift; sourceTree = "<group>"; };
		ACE930F2221BDE4E00229A27 /* SQLite.xcodeproj */ = {isa = PBXFileReference; lastKnownFileType = "wrapper.pb-project"; name = SQLite.xcodeproj; path = "../../SQLite.swift-master/SQLite.xcodeproj"; sourceTree = "<group>"; };
		ACE93126221C70BB00229A27 /* DataModel.swift */ = {isa = PBXFileReference; lastKnownFileType = sourcecode.swift; path = DataModel.swift; sourceTree = "<group>"; };
		ACE93128221C711800229A27 /* TableViewCell.swift */ = {isa = PBXFileReference; lastKnownFileType = sourcecode.swift; path = TableViewCell.swift; sourceTree = "<group>"; };
		ACE9312A221C71E600229A27 /* fetchViewController.swift */ = {isa = PBXFileReference; lastKnownFileType = sourcecode.swift; path = fetchViewController.swift; sourceTree = "<group>"; };
/* End PBXFileReference section */

/* Begin PBXFrameworksBuildPhase section */
		AC9E2545220F12F9005CA487 /* Frameworks */ = {
			isa = PBXFrameworksBuildPhase;
			buildActionMask = 2147483647;
			files = (
				ACE93110221C04B100229A27 /* SQLite.framework in Frameworks */,
			);
			runOnlyForDeploymentPostprocessing = 0;
		};
		ACD65AA621FED2CA00CE19FE /* Frameworks */ = {
			isa = PBXFrameworksBuildPhase;
			buildActionMask = 2147483647;
			files = (
				ACE9310B221BDE8500229A27 /* SQLite.framework in Frameworks */,
				ACE9310A221BDE5F00229A27 /* SQLite.framework in Frameworks */,
			);
			runOnlyForDeploymentPostprocessing = 0;
		};
		ACD65ABC21FED2CD00CE19FE /* Frameworks */ = {
			isa = PBXFrameworksBuildPhase;
			buildActionMask = 2147483647;
			files = (
			);
			runOnlyForDeploymentPostprocessing = 0;
		};
/* End PBXFrameworksBuildPhase section */

/* Begin PBXGroup section */
		AC7B37C2221ACD0100B137DD /* Frameworks */ = {
			isa = PBXGroup;
			children = (
			);
			name = Frameworks;
			sourceTree = "<group>";
		};
		AC9E2549220F12F9005CA487 /* Call_Blocking */ = {
			isa = PBXGroup;
			children = (
				AC7B37C9221B198E00B137DD /* Call_Blocking.entitlements */,
				AC9E254A220F12F9005CA487 /* CallDirectoryHandler.swift */,
				AC9E254C220F12F9005CA487 /* Info.plist */,
			);
			path = Call_Blocking;
			sourceTree = "<group>";
		};
		ACD65AA021FED2CA00CE19FE = {
			isa = PBXGroup;
			children = (
				ACD65AAB21FED2CA00CE19FE /* temp2 */,
				ACD65AC221FED2CD00CE19FE /* temp2Tests */,
				AC9E2549220F12F9005CA487 /* Call_Blocking */,
				ACD65AAA21FED2CA00CE19FE /* Products */,
				ACE930F2221BDE4E00229A27 /* SQLite.xcodeproj */,
				AC7B37C2221ACD0100B137DD /* Frameworks */,
			);
			sourceTree = "<group>";
		};
		ACD65AAA21FED2CA00CE19FE /* Products */ = {
			isa = PBXGroup;
			children = (
				ACD65AA921FED2CA00CE19FE /* temp2.app */,
				ACD65ABF21FED2CD00CE19FE /* temp2Tests.xctest */,
				AC9E2548220F12F9005CA487 /* Call_Blocking.appex */,
			);
			name = Products;
			sourceTree = "<group>";
		};
		ACD65AAB21FED2CA00CE19FE /* temp2 */ = {
			isa = PBXGroup;
			children = (
				AC17D5F72213F6EC00DF9D3A /* temp2.entitlements */,
				AC5B4E9821FF93EA0079EE2D /* contactsTableViewController.swift */,
				ACD65ACE21FEF01900CE19FE /* DialViewController.swift */,
				ACE93126221C70BB00229A27 /* DataModel.swift */,
				ACE93128221C711800229A27 /* TableViewCell.swift */,
				ACE9312A221C71E600229A27 /* fetchViewController.swift */,
				ACD65AAC21FED2CA00CE19FE /* AppDelegate.swift */,
				ACD65AAE21FED2CA00CE19FE /* BlockedNumberDisplay.swift */,
				AC7B37BF221AC40600B137DD /* Number_model.xcdatamodeld */,
				ACD65AB221FED2CA00CE19FE /* Main.storyboard */,
				ACD65AB521FED2CD00CE19FE /* Assets.xcassets */,
				ACD65AB721FED2CD00CE19FE /* LaunchScreen.storyboard */,
				AC17D5F52212846C00DF9D3A /* MsgViewController.swift */,
				ACD65ABA21FED2CD00CE19FE /* Info.plist */,
				AC5B4EA421FF96BE0079EE2D /* ContactCell.swift */,
				AC5B4EA621FF96D10079EE2D /* ExpandableName.swift */,
				AC04652022401104003BD775 /* GroupViewController.swift */,
				AC04652222401A00003BD775 /* groupContactsTableViewController.swift */,
				AC04652422401AD0003BD775 /* groupContactCell.swift */,
				AC046526224034DA003BD775 /* showGroupsTableViewController.swift */,
				AC04652A2240E79C003BD775 /* groupDataModel.swift */,
				AC04652E2240EDC6003BD775 /* groupTableViewCell.swift */,
				AC29CB292241143800794C4E /* editGroupTableViewController.swift */,
				AC29CB31224118FB00794C4E /* editGroupTableViewCell.swift */,
				AC29CB352241329A00794C4E /* checkViewController.swift */,
			);
			path = temp2;
			sourceTree = "<group>";
		};
		ACD65AC221FED2CD00CE19FE /* temp2Tests */ = {
			isa = PBXGroup;
			children = (
				ACD65AC321FED2CD00CE19FE /* temp2Tests.swift */,
				ACD65AC521FED2CD00CE19FE /* Info.plist */,
			);
			path = temp2Tests;
			sourceTree = "<group>";
		};
		ACE930F3221BDE4E00229A27 /* Products */ = {
			isa = PBXGroup;
			children = (
				ACE930FD221BDE4F00229A27 /* SQLite.framework */,
				ACE930FF221BDE4F00229A27 /* SQLiteTests iOS.xctest */,
				ACE93101221BDE4F00229A27 /* SQLite.framework */,
				ACE93103221BDE4F00229A27 /* SQLiteTests Mac.xctest */,
				ACE93105221BDE4F00229A27 /* SQLite.framework */,
				ACE93107221BDE4F00229A27 /* SQLiteTests tvOS.xctest */,
				ACE93109221BDE4F00229A27 /* SQLite.framework */,
			);
			name = Products;
			sourceTree = "<group>";
		};
/* End PBXGroup section */

/* Begin PBXNativeTarget section */
		AC9E2547220F12F9005CA487 /* Call_Blocking */ = {
			isa = PBXNativeTarget;
			buildConfigurationList = AC9E2550220F12F9005CA487 /* Build configuration list for PBXNativeTarget "Call_Blocking" */;
			buildPhases = (
				AC9E2544220F12F9005CA487 /* Sources */,
				AC9E2545220F12F9005CA487 /* Frameworks */,
				AC9E2546220F12F9005CA487 /* Resources */,
			);
			buildRules = (
			);
			dependencies = (
			);
			name = Call_Blocking;
			productName = Call_Blocking;
			productReference = AC9E2548220F12F9005CA487 /* Call_Blocking.appex */;
			productType = "com.apple.product-type.app-extension";
		};
		ACD65AA821FED2CA00CE19FE /* temp2 */ = {
			isa = PBXNativeTarget;
			buildConfigurationList = ACD65AC821FED2CD00CE19FE /* Build configuration list for PBXNativeTarget "temp2" */;
			buildPhases = (
				ACD65AA521FED2CA00CE19FE /* Sources */,
				ACD65AA621FED2CA00CE19FE /* Frameworks */,
				ACD65AA721FED2CA00CE19FE /* Resources */,
				AC9E2553220F12F9005CA487 /* Embed App Extensions */,
				ACE9310F221BDE8600229A27 /* Embed Frameworks */,
			);
			buildRules = (
			);
			dependencies = (
				AC9E254E220F12F9005CA487 /* PBXTargetDependency */,
				ACE9310E221BDE8500229A27 /* PBXTargetDependency */,
			);
			name = temp2;
			productName = temp2;
			productReference = ACD65AA921FED2CA00CE19FE /* temp2.app */;
			productType = "com.apple.product-type.application";
		};
		ACD65ABE21FED2CD00CE19FE /* temp2Tests */ = {
			isa = PBXNativeTarget;
			buildConfigurationList = ACD65ACB21FED2CD00CE19FE /* Build configuration list for PBXNativeTarget "temp2Tests" */;
			buildPhases = (
				ACD65ABB21FED2CD00CE19FE /* Sources */,
				ACD65ABC21FED2CD00CE19FE /* Frameworks */,
				ACD65ABD21FED2CD00CE19FE /* Resources */,
			);
			buildRules = (
			);
			dependencies = (
				ACD65AC121FED2CD00CE19FE /* PBXTargetDependency */,
			);
			name = temp2Tests;
			productName = temp2Tests;
			productReference = ACD65ABF21FED2CD00CE19FE /* temp2Tests.xctest */;
			productType = "com.apple.product-type.bundle.unit-test";
		};
/* End PBXNativeTarget section */

/* Begin PBXProject section */
		ACD65AA121FED2CA00CE19FE /* Project object */ = {
			isa = PBXProject;
			attributes = {
				LastSwiftUpdateCheck = 1010;
				LastUpgradeCheck = 1010;
				ORGANIZATIONNAME = "Akshat Agrawal";
				TargetAttributes = {
					AC9E2547220F12F9005CA487 = {
						CreatedOnToolsVersion = 10.1;
						SystemCapabilities = {
							com.apple.ApplicationGroups.iOS = {
								enabled = 1;
							};
						};
					};
					ACD65AA821FED2CA00CE19FE = {
						CreatedOnToolsVersion = 10.1;
						SystemCapabilities = {
							com.apple.ApplicationGroups.iOS = {
								enabled = 1;
							};
							com.apple.BackgroundModes = {
								enabled = 0;
							};
							com.apple.DataProtection = {
								enabled = 0;
							};
							com.apple.Keychain = {
								enabled = 0;
							};
							com.apple.Maps.iOS = {
								enabled = 0;
							};
							com.apple.WAC = {
								enabled = 0;
							};
						};
					};
					ACD65ABE21FED2CD00CE19FE = {
						CreatedOnToolsVersion = 10.1;
						TestTargetID = ACD65AA821FED2CA00CE19FE;
					};
				};
			};
			buildConfigurationList = ACD65AA421FED2CA00CE19FE /* Build configuration list for PBXProject "temp2" */;
			compatibilityVersion = "Xcode 9.3";
			developmentRegion = en;
			hasScannedForEncodings = 0;
			knownRegions = (
				en,
				Base,
			);
			mainGroup = ACD65AA021FED2CA00CE19FE;
			productRefGroup = ACD65AAA21FED2CA00CE19FE /* Products */;
			projectDirPath = "";
			projectReferences = (
				{
					ProductGroup = ACE930F3221BDE4E00229A27 /* Products */;
					ProjectRef = ACE930F2221BDE4E00229A27 /* SQLite.xcodeproj */;
				},
			);
			projectRoot = "";
			targets = (
				ACD65AA821FED2CA00CE19FE /* temp2 */,
				ACD65ABE21FED2CD00CE19FE /* temp2Tests */,
				AC9E2547220F12F9005CA487 /* Call_Blocking */,
			);
		};
/* End PBXProject section */

/* Begin PBXReferenceProxy section */
		ACE930FD221BDE4F00229A27 /* SQLite.framework */ = {
			isa = PBXReferenceProxy;
			fileType = wrapper.framework;
			path = SQLite.framework;
			remoteRef = ACE930FC221BDE4F00229A27 /* PBXContainerItemProxy */;
			sourceTree = BUILT_PRODUCTS_DIR;
		};
		ACE930FF221BDE4F00229A27 /* SQLiteTests iOS.xctest */ = {
			isa = PBXReferenceProxy;
			fileType = wrapper.cfbundle;
			path = "SQLiteTests iOS.xctest";
			remoteRef = ACE930FE221BDE4F00229A27 /* PBXContainerItemProxy */;
			sourceTree = BUILT_PRODUCTS_DIR;
		};
		ACE93101221BDE4F00229A27 /* SQLite.framework */ = {
			isa = PBXReferenceProxy;
			fileType = wrapper.framework;
			path = SQLite.framework;
			remoteRef = ACE93100221BDE4F00229A27 /* PBXContainerItemProxy */;
			sourceTree = BUILT_PRODUCTS_DIR;
		};
		ACE93103221BDE4F00229A27 /* SQLiteTests Mac.xctest */ = {
			isa = PBXReferenceProxy;
			fileType = wrapper.cfbundle;
			path = "SQLiteTests Mac.xctest";
			remoteRef = ACE93102221BDE4F00229A27 /* PBXContainerItemProxy */;
			sourceTree = BUILT_PRODUCTS_DIR;
		};
		ACE93105221BDE4F00229A27 /* SQLite.framework */ = {
			isa = PBXReferenceProxy;
			fileType = wrapper.framework;
			path = SQLite.framework;
			remoteRef = ACE93104221BDE4F00229A27 /* PBXContainerItemProxy */;
			sourceTree = BUILT_PRODUCTS_DIR;
		};
		ACE93107221BDE4F00229A27 /* SQLiteTests tvOS.xctest */ = {
			isa = PBXReferenceProxy;
			fileType = wrapper.cfbundle;
			path = "SQLiteTests tvOS.xctest";
			remoteRef = ACE93106221BDE4F00229A27 /* PBXContainerItemProxy */;
			sourceTree = BUILT_PRODUCTS_DIR;
		};
		ACE93109221BDE4F00229A27 /* SQLite.framework */ = {
			isa = PBXReferenceProxy;
			fileType = wrapper.framework;
			path = SQLite.framework;
			remoteRef = ACE93108221BDE4F00229A27 /* PBXContainerItemProxy */;
			sourceTree = BUILT_PRODUCTS_DIR;
		};
/* End PBXReferenceProxy section */

/* Begin PBXResourcesBuildPhase section */
		AC9E2546220F12F9005CA487 /* Resources */ = {
			isa = PBXResourcesBuildPhase;
			buildActionMask = 2147483647;
			files = (
			);
			runOnlyForDeploymentPostprocessing = 0;
		};
		ACD65AA721FED2CA00CE19FE /* Resources */ = {
			isa = PBXResourcesBuildPhase;
			buildActionMask = 2147483647;
			files = (
				ACD65AB921FED2CD00CE19FE /* LaunchScreen.storyboard in Resources */,
				ACD65AB621FED2CD00CE19FE /* Assets.xcassets in Resources */,
				ACD65AB421FED2CA00CE19FE /* Main.storyboard in Resources */,
			);
			runOnlyForDeploymentPostprocessing = 0;
		};
		ACD65ABD21FED2CD00CE19FE /* Resources */ = {
			isa = PBXResourcesBuildPhase;
			buildActionMask = 2147483647;
			files = (
			);
			runOnlyForDeploymentPostprocessing = 0;
		};
/* End PBXResourcesBuildPhase section */

/* Begin PBXSourcesBuildPhase section */
		AC9E2544220F12F9005CA487 /* Sources */ = {
			isa = PBXSourcesBuildPhase;
			buildActionMask = 2147483647;
			files = (
				AC9E254B220F12F9005CA487 /* CallDirectoryHandler.swift in Sources */,
			);
			runOnlyForDeploymentPostprocessing = 0;
		};
		ACD65AA521FED2CA00CE19FE /* Sources */ = {
			isa = PBXSourcesBuildPhase;
			buildActionMask = 2147483647;
			files = (
				AC04652122401104003BD775 /* GroupViewController.swift in Sources */,
				AC04652322401A00003BD775 /* groupContactsTableViewController.swift in Sources */,
				AC5B4EA521FF96BE0079EE2D /* ContactCell.swift in Sources */,
				ACE9312B221C71E600229A27 /* fetchViewController.swift in Sources */,
				AC17D5F62212846C00DF9D3A /* MsgViewController.swift in Sources */,
				ACD65ACF21FEF01900CE19FE /* DialViewController.swift in Sources */,
				AC04652522401AD0003BD775 /* groupContactCell.swift in Sources */,
				AC04652B2240E79C003BD775 /* groupDataModel.swift in Sources */,
				AC5B4EA721FF96D10079EE2D /* ExpandableName.swift in Sources */,
				AC29CB362241329A00794C4E /* checkViewController.swift in Sources */,
				AC29CB2A2241143800794C4E /* editGroupTableViewController.swift in Sources */,
				ACE93127221C70BB00229A27 /* DataModel.swift in Sources */,
				ACE93129221C711800229A27 /* TableViewCell.swift in Sources */,
				AC046527224034DA003BD775 /* showGroupsTableViewController.swift in Sources */,
				AC7B37C1221AC40600B137DD /* Number_model.xcdatamodeld in Sources */,
				AC04652F2240EDC6003BD775 /* groupTableViewCell.swift in Sources */,
				AC29CB32224118FB00794C4E /* editGroupTableViewCell.swift in Sources */,
				ACD65AAD21FED2CA00CE19FE /* AppDelegate.swift in Sources */,
				AC5B4E9921FF93EA0079EE2D /* contactsTableViewController.swift in Sources */,
				ACD65AAF21FED2CA00CE19FE /* BlockedNumberDisplay.swift in Sources */,
			);
			runOnlyForDeploymentPostprocessing = 0;
		};
		ACD65ABB21FED2CD00CE19FE /* Sources */ = {
			isa = PBXSourcesBuildPhase;
			buildActionMask = 2147483647;
			files = (
				ACD65AC421FED2CD00CE19FE /* temp2Tests.swift in Sources */,
			);
			runOnlyForDeploymentPostprocessing = 0;
		};
/* End PBXSourcesBuildPhase section */

/* Begin PBXTargetDependency section */
		AC9E254E220F12F9005CA487 /* PBXTargetDependency */ = {
			isa = PBXTargetDependency;
			target = AC9E2547220F12F9005CA487 /* Call_Blocking */;
			targetProxy = AC9E254D220F12F9005CA487 /* PBXContainerItemProxy */;
		};
		ACD65AC121FED2CD00CE19FE /* PBXTargetDependency */ = {
			isa = PBXTargetDependency;
			target = ACD65AA821FED2CA00CE19FE /* temp2 */;
			targetProxy = ACD65AC021FED2CD00CE19FE /* PBXContainerItemProxy */;
		};
		ACE9310E221BDE8500229A27 /* PBXTargetDependency */ = {
			isa = PBXTargetDependency;
			name = "SQLite iOS";
			targetProxy = ACE9310D221BDE8500229A27 /* PBXContainerItemProxy */;
		};
/* End PBXTargetDependency section */

/* Begin PBXVariantGroup section */
		ACD65AB221FED2CA00CE19FE /* Main.storyboard */ = {
			isa = PBXVariantGroup;
			children = (
				ACD65AB321FED2CA00CE19FE /* Base */,
			);
			name = Main.storyboard;
			sourceTree = "<group>";
		};
		ACD65AB721FED2CD00CE19FE /* LaunchScreen.storyboard */ = {
			isa = PBXVariantGroup;
			children = (
				ACD65AB821FED2CD00CE19FE /* Base */,
			);
			name = LaunchScreen.storyboard;
			sourceTree = "<group>";
		};
/* End PBXVariantGroup section */

/* Begin XCBuildConfiguration section */
		AC9E2551220F12F9005CA487 /* Debug */ = {
			isa = XCBuildConfiguration;
			buildSettings = {
				ARCHS = "$(ARCHS_STANDARD_64_BIT)";
				CODE_SIGN_ENTITLEMENTS = Call_Blocking/Call_Blocking.entitlements;
				CODE_SIGN_STYLE = Automatic;
				DEVELOPMENT_TEAM = 4624FBVQVB;
				INFOPLIST_FILE = Call_Blocking/Info.plist;
				LD_RUNPATH_SEARCH_PATHS = (
					"$(inherited)",
					"@executable_path/Frameworks",
					"@executable_path/../../Frameworks",
				);
				PRODUCT_BUNDLE_IDENTIFIER = "com.akshat.temp2.Call-Blocking";
				PRODUCT_NAME = "$(TARGET_NAME)";
				SKIP_INSTALL = YES;
				SWIFT_VERSION = 4.2;
				TARGETED_DEVICE_FAMILY = "1,2";
			};
			name = Debug;
		};
		AC9E2552220F12F9005CA487 /* Release */ = {
			isa = XCBuildConfiguration;
			buildSettings = {
				ARCHS = "$(ARCHS_STANDARD_64_BIT)";
				CODE_SIGN_ENTITLEMENTS = Call_Blocking/Call_Blocking.entitlements;
				CODE_SIGN_STYLE = Automatic;
				DEVELOPMENT_TEAM = 4624FBVQVB;
				INFOPLIST_FILE = Call_Blocking/Info.plist;
				LD_RUNPATH_SEARCH_PATHS = (
					"$(inherited)",
					"@executable_path/Frameworks",
					"@executable_path/../../Frameworks",
				);
				PRODUCT_BUNDLE_IDENTIFIER = "com.akshat.temp2.Call-Blocking";
				PRODUCT_NAME = "$(TARGET_NAME)";
				SKIP_INSTALL = YES;
				SWIFT_VERSION = 4.2;
				TARGETED_DEVICE_FAMILY = "1,2";
			};
			name = Release;
		};
		ACD65AC621FED2CD00CE19FE /* Debug */ = {
			isa = XCBuildConfiguration;
			buildSettings = {
				ALWAYS_SEARCH_USER_PATHS = NO;
				CLANG_ANALYZER_NONNULL = YES;
				CLANG_ANALYZER_NUMBER_OBJECT_CONVERSION = YES_AGGRESSIVE;
				CLANG_CXX_LANGUAGE_STANDARD = "gnu++14";
				CLANG_CXX_LIBRARY = "libc++";
				CLANG_ENABLE_MODULES = YES;
				CLANG_ENABLE_OBJC_ARC = YES;
				CLANG_ENABLE_OBJC_WEAK = YES;
				CLANG_WARN_BLOCK_CAPTURE_AUTORELEASING = YES;
				CLANG_WARN_BOOL_CONVERSION = YES;
				CLANG_WARN_COMMA = YES;
				CLANG_WARN_CONSTANT_CONVERSION = YES;
				CLANG_WARN_DEPRECATED_OBJC_IMPLEMENTATIONS = YES;
				CLANG_WARN_DIRECT_OBJC_ISA_USAGE = YES_ERROR;
				CLANG_WARN_DOCUMENTATION_COMMENTS = YES;
				CLANG_WARN_EMPTY_BODY = YES;
				CLANG_WARN_ENUM_CONVERSION = YES;
				CLANG_WARN_INFINITE_RECURSION = YES;
				CLANG_WARN_INT_CONVERSION = YES;
				CLANG_WARN_NON_LITERAL_NULL_CONVERSION = YES;
				CLANG_WARN_OBJC_IMPLICIT_RETAIN_SELF = YES;
				CLANG_WARN_OBJC_LITERAL_CONVERSION = YES;
				CLANG_WARN_OBJC_ROOT_CLASS = YES_ERROR;
				CLANG_WARN_RANGE_LOOP_ANALYSIS = YES;
				CLANG_WARN_STRICT_PROTOTYPES = YES;
				CLANG_WARN_SUSPICIOUS_MOVE = YES;
				CLANG_WARN_UNGUARDED_AVAILABILITY = YES_AGGRESSIVE;
				CLANG_WARN_UNREACHABLE_CODE = YES;
				CLANG_WARN__DUPLICATE_METHOD_MATCH = YES;
				CODE_SIGN_IDENTITY = "iPhone Developer";
				COPY_PHASE_STRIP = NO;
				DEBUG_INFORMATION_FORMAT = dwarf;
				ENABLE_STRICT_OBJC_MSGSEND = YES;
				ENABLE_TESTABILITY = YES;
				GCC_C_LANGUAGE_STANDARD = gnu11;
				GCC_DYNAMIC_NO_PIC = NO;
				GCC_NO_COMMON_BLOCKS = YES;
				GCC_OPTIMIZATION_LEVEL = 0;
				GCC_PREPROCESSOR_DEFINITIONS = (
					"DEBUG=1",
					"$(inherited)",
				);
				GCC_WARN_64_TO_32_BIT_CONVERSION = YES;
				GCC_WARN_ABOUT_RETURN_TYPE = YES_ERROR;
				GCC_WARN_UNDECLARED_SELECTOR = YES;
				GCC_WARN_UNINITIALIZED_AUTOS = YES_AGGRESSIVE;
				GCC_WARN_UNUSED_FUNCTION = YES;
				GCC_WARN_UNUSED_VARIABLE = YES;
				IPHONEOS_DEPLOYMENT_TARGET = 12.1;
				MTL_ENABLE_DEBUG_INFO = INCLUDE_SOURCE;
				MTL_FAST_MATH = YES;
				ONLY_ACTIVE_ARCH = YES;
				SDKROOT = iphoneos;
				SWIFT_ACTIVE_COMPILATION_CONDITIONS = DEBUG;
				SWIFT_OPTIMIZATION_LEVEL = "-Onone";
			};
			name = Debug;
		};
		ACD65AC721FED2CD00CE19FE /* Release */ = {
			isa = XCBuildConfiguration;
			buildSettings = {
				ALWAYS_SEARCH_USER_PATHS = NO;
				CLANG_ANALYZER_NONNULL = YES;
				CLANG_ANALYZER_NUMBER_OBJECT_CONVERSION = YES_AGGRESSIVE;
				CLANG_CXX_LANGUAGE_STANDARD = "gnu++14";
				CLANG_CXX_LIBRARY = "libc++";
				CLANG_ENABLE_MODULES = YES;
				CLANG_ENABLE_OBJC_ARC = YES;
				CLANG_ENABLE_OBJC_WEAK = YES;
				CLANG_WARN_BLOCK_CAPTURE_AUTORELEASING = YES;
				CLANG_WARN_BOOL_CONVERSION = YES;
				CLANG_WARN_COMMA = YES;
				CLANG_WARN_CONSTANT_CONVERSION = YES;
				CLANG_WARN_DEPRECATED_OBJC_IMPLEMENTATIONS = YES;
				CLANG_WARN_DIRECT_OBJC_ISA_USAGE = YES_ERROR;
				CLANG_WARN_DOCUMENTATION_COMMENTS = YES;
				CLANG_WARN_EMPTY_BODY = YES;
				CLANG_WARN_ENUM_CONVERSION = YES;
				CLANG_WARN_INFINITE_RECURSION = YES;
				CLANG_WARN_INT_CONVERSION = YES;
				CLANG_WARN_NON_LITERAL_NULL_CONVERSION = YES;
				CLANG_WARN_OBJC_IMPLICIT_RETAIN_SELF = YES;
				CLANG_WARN_OBJC_LITERAL_CONVERSION = YES;
				CLANG_WARN_OBJC_ROOT_CLASS = YES_ERROR;
				CLANG_WARN_RANGE_LOOP_ANALYSIS = YES;
				CLANG_WARN_STRICT_PROTOTYPES = YES;
				CLANG_WARN_SUSPICIOUS_MOVE = YES;
				CLANG_WARN_UNGUARDED_AVAILABILITY = YES_AGGRESSIVE;
				CLANG_WARN_UNREACHABLE_CODE = YES;
				CLANG_WARN__DUPLICATE_METHOD_MATCH = YES;
				CODE_SIGN_IDENTITY = "iPhone Developer";
				COPY_PHASE_STRIP = NO;
				DEBUG_INFORMATION_FORMAT = "dwarf-with-dsym";
				ENABLE_NS_ASSERTIONS = NO;
				ENABLE_STRICT_OBJC_MSGSEND = YES;
				GCC_C_LANGUAGE_STANDARD = gnu11;
				GCC_NO_COMMON_BLOCKS = YES;
				GCC_WARN_64_TO_32_BIT_CONVERSION = YES;
				GCC_WARN_ABOUT_RETURN_TYPE = YES_ERROR;
				GCC_WARN_UNDECLARED_SELECTOR = YES;
				GCC_WARN_UNINITIALIZED_AUTOS = YES_AGGRESSIVE;
				GCC_WARN_UNUSED_FUNCTION = YES;
				GCC_WARN_UNUSED_VARIABLE = YES;
				IPHONEOS_DEPLOYMENT_TARGET = 12.1;
				MTL_ENABLE_DEBUG_INFO = NO;
				MTL_FAST_MATH = YES;
				SDKROOT = iphoneos;
				SWIFT_COMPILATION_MODE = wholemodule;
				SWIFT_OPTIMIZATION_LEVEL = "-O";
				VALIDATE_PRODUCT = YES;
			};
			name = Release;
		};
		ACD65AC921FED2CD00CE19FE /* Debug */ = {
			isa = XCBuildConfiguration;
			buildSettings = {
				ALWAYS_EMBED_SWIFT_STANDARD_LIBRARIES = YES;
				ASSETCATALOG_COMPILER_APPICON_NAME = AppIcon;
				CODE_SIGN_ENTITLEMENTS = temp2/temp2.entitlements;
				CODE_SIGN_STYLE = Automatic;
				DEVELOPMENT_TEAM = 4624FBVQVB;
				INFOPLIST_FILE = temp2/Info.plist;
				LD_RUNPATH_SEARCH_PATHS = (
					"$(inherited)",
					"@executable_path/Frameworks",
				);
				PRODUCT_BUNDLE_IDENTIFIER = com.akshat.temp2;
				PRODUCT_NAME = "$(TARGET_NAME)";
				SWIFT_VERSION = 4.2;
				TARGETED_DEVICE_FAMILY = "1,2";
			};
			name = Debug;
		};
		ACD65ACA21FED2CD00CE19FE /* Release */ = {
			isa = XCBuildConfiguration;
			buildSettings = {
				ALWAYS_EMBED_SWIFT_STANDARD_LIBRARIES = YES;
				ASSETCATALOG_COMPILER_APPICON_NAME = AppIcon;
				CODE_SIGN_ENTITLEMENTS = temp2/temp2.entitlements;
				CODE_SIGN_STYLE = Automatic;
				DEVELOPMENT_TEAM = 4624FBVQVB;
				INFOPLIST_FILE = temp2/Info.plist;
				LD_RUNPATH_SEARCH_PATHS = (
					"$(inherited)",
					"@executable_path/Frameworks",
				);
				PRODUCT_BUNDLE_IDENTIFIER = com.akshat.temp2;
				PRODUCT_NAME = "$(TARGET_NAME)";
				SWIFT_VERSION = 4.2;
				TARGETED_DEVICE_FAMILY = "1,2";
			};
			name = Release;
		};
		ACD65ACC21FED2CD00CE19FE /* Debug */ = {
			isa = XCBuildConfiguration;
			buildSettings = {
				ALWAYS_EMBED_SWIFT_STANDARD_LIBRARIES = YES;
				BUNDLE_LOADER = "$(TEST_HOST)";
				CODE_SIGN_STYLE = Automatic;
				DEVELOPMENT_TEAM = 4624FBVQVB;
				INFOPLIST_FILE = temp2Tests/Info.plist;
				LD_RUNPATH_SEARCH_PATHS = (
					"$(inherited)",
					"@executable_path/Frameworks",
					"@loader_path/Frameworks",
				);
				PRODUCT_BUNDLE_IDENTIFIER = com.akshat.temp2Tests;
				PRODUCT_NAME = "$(TARGET_NAME)";
				SWIFT_VERSION = 4.2;
				TARGETED_DEVICE_FAMILY = "1,2";
				TEST_HOST = "$(BUILT_PRODUCTS_DIR)/temp2.app/temp2";
			};
			name = Debug;
		};
		ACD65ACD21FED2CD00CE19FE /* Release */ = {
			isa = XCBuildConfiguration;
			buildSettings = {
				ALWAYS_EMBED_SWIFT_STANDARD_LIBRARIES = YES;
				BUNDLE_LOADER = "$(TEST_HOST)";
				CODE_SIGN_STYLE = Automatic;
				DEVELOPMENT_TEAM = 4624FBVQVB;
				INFOPLIST_FILE = temp2Tests/Info.plist;
				LD_RUNPATH_SEARCH_PATHS = (
					"$(inherited)",
					"@executable_path/Frameworks",
					"@loader_path/Frameworks",
				);
				PRODUCT_BUNDLE_IDENTIFIER = com.akshat.temp2Tests;
				PRODUCT_NAME = "$(TARGET_NAME)";
				SWIFT_VERSION = 4.2;
				TARGETED_DEVICE_FAMILY = "1,2";
				TEST_HOST = "$(BUILT_PRODUCTS_DIR)/temp2.app/temp2";
			};
			name = Release;
		};
/* End XCBuildConfiguration section */

/* Begin XCConfigurationList section */
		AC9E2550220F12F9005CA487 /* Build configuration list for PBXNativeTarget "Call_Blocking" */ = {
			isa = XCConfigurationList;
			buildConfigurations = (
				AC9E2551220F12F9005CA487 /* Debug */,
				AC9E2552220F12F9005CA487 /* Release */,
			);
			defaultConfigurationIsVisible = 0;
			defaultConfigurationName = Release;
		};
		ACD65AA421FED2CA00CE19FE /* Build configuration list for PBXProject "temp2" */ = {
			isa = XCConfigurationList;
			buildConfigurations = (
				ACD65AC621FED2CD00CE19FE /* Debug */,
				ACD65AC721FED2CD00CE19FE /* Release */,
			);
			defaultConfigurationIsVisible = 0;
			defaultConfigurationName = Release;
		};
		ACD65AC821FED2CD00CE19FE /* Build configuration list for PBXNativeTarget "temp2" */ = {
			isa = XCConfigurationList;
			buildConfigurations = (
				ACD65AC921FED2CD00CE19FE /* Debug */,
				ACD65ACA21FED2CD00CE19FE /* Release */,
			);
			defaultConfigurationIsVisible = 0;
			defaultConfigurationName = Release;
		};
		ACD65ACB21FED2CD00CE19FE /* Build configuration list for PBXNativeTarget "temp2Tests" */ = {
			isa = XCConfigurationList;
			buildConfigurations = (
				ACD65ACC21FED2CD00CE19FE /* Debug */,
				ACD65ACD21FED2CD00CE19FE /* Release */,
			);
			defaultConfigurationIsVisible = 0;
			defaultConfigurationName = Release;
		};
/* End XCConfigurationList section */

/* Begin XCVersionGroup section */
		AC7B37BF221AC40600B137DD /* Number_model.xcdatamodeld */ = {
			isa = XCVersionGroup;
			children = (
				AC7B37C0221AC40600B137DD /* Number_model.xcdatamodel */,
			);
			currentVersion = AC7B37C0221AC40600B137DD /* Number_model.xcdatamodel */;
			path = Number_model.xcdatamodeld;
			sourceTree = "<group>";
			versionGroupType = wrapper.xcdatamodel;
		};
/* End XCVersionGroup section */
	};
	rootObject = ACD65AA121FED2CA00CE19FE /* Project object */;
}
